
Microsoft Visual Studio Solution File, Format Version 12.00
# Visual Studio Version 17
VisualStudioVersion = 17.9.34902.65
MinimumVisualStudioVersion = 10.0.40219.1
Project("{FAE04EC0-301F-11D3-BF4B-00C04F79EFBC}") = "ETickets", "ETickets.csproj", "{3012C4EF-BA31-4EC7-A355-DE855612CF40}"
EndProject
Global
	GlobalSection(SolutionConfigurationPlatforms) = preSolution
		Debug|Any CPU = Debug|Any CPU
		Release|Any CPU = Release|Any CPU
	EndGlobalSection
	GlobalSection(ProjectConfigurationPlatforms) = postSolution
		{3012C4EF-BA31-4EC7-A355-DE855612CF40}.Debug|Any CPU.ActiveCfg = Debug|Any CPU
		{3012C4EF-BA31-4EC7-A355-DE855612CF40}.Debug|Any CPU.Build.0 = Debug|Any CPU
		{3012C4EF-BA31-4EC7-A355-DE855612CF40}.Release|Any CPU.ActiveCfg = Release|Any CPU
		{3012C4EF-BA31-4EC7-A355-DE855612CF40}.Release|Any CPU.Build.0 = Release|Any CPU
	EndGlobalSection
	GlobalSection(SolutionProperties) = preSolution
		HideSolutionNode = FALSE
	EndGlobalSection
	GlobalSection(ExtensibilityGlobals) = postSolution
		SolutionGuid = {7C03E22B-CFFE-4A3B-B6D0-4EA1EC2BD3FF}
	EndGlobalSection
EndGlobal
